Microsoft Visual Studio Solution File, Format Version 12.00
# Visual Studio Version 17
VisualStudioVersion = 17.5.2.0
MinimumVisualStudioVersion = 10.0.40219.1
Project("{FAE04EC0-301F-11D3-BF4B-00C04F79EFBC}") = "csharptourist", "csharptourist.csproj", "{274127F5-756E-A28B-206C-8B296D26015C}"
EndProject
Global
	GlobalSection(SolutionConfigurationPlatforms) = preSolution
		Debug|Any CPU = Debug|Any CPU
		Release|Any CPU = Release|Any CPU
	EndGlobalSection
	GlobalSection(ProjectConfigurationPlatforms) = postSolution
		{274127F5-756E-A28B-206C-8B296D26015C}.Debug|Any CPU.ActiveCfg = Debug|Any CPU
		{274127F5-756E-A28B-206C-8B296D26015C}.Debug|Any CPU.Build.0 = Debug|Any CPU
		{274127F5-756E-A28B-206C-8B296D26015C}.Release|Any CPU.ActiveCfg = Release|Any CPU
		{274127F5-756E-A28B-206C-8B296D26015C}.Release|Any CPU.Build.0 = Release|Any CPU
	EndGlobalSection
	GlobalSection(SolutionProperties) = preSolution
		HideSolutionNode = FALSE
	EndGlobalSection
	GlobalSection(ExtensibilityGlobals) = postSolution
		SolutionGuid = {12E00514-84EC-4712-8707-B01ADFBDFAE9}
	EndGlobalSection
EndGlobal
